### YamlMime:ManagedReference
items:
- uid: OpenTK.Platform.Windows.WGL_I3D_genlock
  commentId: T:OpenTK.Platform.Windows.WGL_I3D_genlock
  id: WGL_I3D_genlock
  parent: OpenTK.Platform.Windows
  children:
  - OpenTK.Platform.Windows.WGL_I3D_genlock.GenlockSourceDigitalFieldI3d
  - OpenTK.Platform.Windows.WGL_I3D_genlock.GenlockSourceDigitalSyncI3d
  - OpenTK.Platform.Windows.WGL_I3D_genlock.GenlockSourceEdgeBothI3d
  - OpenTK.Platform.Windows.WGL_I3D_genlock.GenlockSourceEdgeFallingI3d
  - OpenTK.Platform.Windows.WGL_I3D_genlock.GenlockSourceEdgeRisingI3d
  - OpenTK.Platform.Windows.WGL_I3D_genlock.GenlockSourceExtenalFieldI3d
  - OpenTK.Platform.Windows.WGL_I3D_genlock.GenlockSourceExtenalSyncI3d
  - OpenTK.Platform.Windows.WGL_I3D_genlock.GenlockSourceExtenalTtlI3d
  - OpenTK.Platform.Windows.WGL_I3D_genlock.GenlockSourceMultiviewI3d
  langs:
  - csharp
  - vb
  name: WGL_I3D_genlock
  nameWithType: WGL_I3D_genlock
  fullName: OpenTK.Platform.Windows.WGL_I3D_genlock
  type: Enum
  source:
    remote:
      path: src/OpenTK.Graphics/Wgl/WglEnums.cs
      branch: f3539ad1fda98af9b265e941e0aecfb4662a9bbe
      repo: https://github.com/opentk/opentk.git
    id: WGL_I3D_genlock
    path: opentk/src/OpenTK.Graphics/Wgl/WglEnums.cs
    startLine: 194
  assemblies:
  - OpenTK.Graphics
  namespace: OpenTK.Platform.Windows
  syntax:
    content: public enum WGL_I3D_genlock
    content.vb: Public Enum WGL_I3D_genlock
- uid: OpenTK.Platform.Windows.WGL_I3D_genlock.GenlockSourceMultiviewI3d
  commentId: F:OpenTK.Platform.Windows.WGL_I3D_genlock.GenlockSourceMultiviewI3d
  id: GenlockSourceMultiviewI3d
  parent: OpenTK.Platform.Windows.WGL_I3D_genlock
  langs:
  - csharp
  - vb
  name: GenlockSourceMultiviewI3d
  nameWithType: WGL_I3D_genlock.GenlockSourceMultiviewI3d
  fullName: OpenTK.Platform.Windows.WGL_I3D_genlock.GenlockSourceMultiviewI3d
  type: Field
  source:
    remote:
      path: src/OpenTK.Graphics/Wgl/WglEnums.cs
      branch: f3539ad1fda98af9b265e941e0aecfb4662a9bbe
      repo: https://github.com/opentk/opentk.git
    id: GenlockSourceMultiviewI3d
    path: opentk/src/OpenTK.Graphics/Wgl/WglEnums.cs
    startLine: 196
  assemblies:
  - OpenTK.Graphics
  namespace: OpenTK.Platform.Windows
  syntax:
    content: GenlockSourceMultiviewI3d = 8260
    return:
      type: OpenTK.Platform.Windows.WGL_I3D_genlock
- uid: OpenTK.Platform.Windows.WGL_I3D_genlock.GenlockSourceEdgeBothI3d
  commentId: F:OpenTK.Platform.Windows.WGL_I3D_genlock.GenlockSourceEdgeBothI3d
  id: GenlockSourceEdgeBothI3d
  parent: OpenTK.Platform.Windows.WGL_I3D_genlock
  langs:
  - csharp
  - vb
  name: GenlockSourceEdgeBothI3d
  nameWithType: WGL_I3D_genlock.GenlockSourceEdgeBothI3d
  fullName: OpenTK.Platform.Windows.WGL_I3D_genlock.GenlockSourceEdgeBothI3d
  type: Field
  source:
    remote:
      path: src/OpenTK.Graphics/Wgl/WglEnums.cs
      branch: f3539ad1fda98af9b265e941e0aecfb4662a9bbe
      repo: https://github.com/opentk/opentk.git
    id: GenlockSourceEdgeBothI3d
    path: opentk/src/OpenTK.Graphics/Wgl/WglEnums.cs
    startLine: 197
  assemblies:
  - OpenTK.Graphics
  namespace: OpenTK.Platform.Windows
  syntax:
    content: GenlockSourceEdgeBothI3d = 8268
    return:
      type: OpenTK.Platform.Windows.WGL_I3D_genlock
- uid: OpenTK.Platform.Windows.WGL_I3D_genlock.GenlockSourceEdgeRisingI3d
  commentId: F:OpenTK.Platform.Windows.WGL_I3D_genlock.GenlockSourceEdgeRisingI3d
  id: GenlockSourceEdgeRisingI3d
  parent: OpenTK.Platform.Windows.WGL_I3D_genlock
  langs:
  - csharp
  - vb
  name: GenlockSourceEdgeRisingI3d
  nameWithType: WGL_I3D_genlock.GenlockSourceEdgeRisingI3d
  fullName: OpenTK.Platform.Windows.WGL_I3D_genlock.GenlockSourceEdgeRisingI3d
  type: Field
  source:
    remote:
      path: src/OpenTK.Graphics/Wgl/WglEnums.cs
      branch: f3539ad1fda98af9b265e941e0aecfb4662a9bbe
      repo: https://github.com/opentk/opentk.git
    id: GenlockSourceEdgeRisingI3d
    path: opentk/src/OpenTK.Graphics/Wgl/WglEnums.cs
    startLine: 198
  assemblies:
  - OpenTK.Graphics
  namespace: OpenTK.Platform.Windows
  syntax:
    content: GenlockSourceEdgeRisingI3d = 8267
    return:
      type: OpenTK.Platform.Windows.WGL_I3D_genlock
- uid: OpenTK.Platform.Windows.WGL_I3D_genlock.GenlockSourceDigitalSyncI3d
  commentId: F:OpenTK.Platform.Windows.WGL_I3D_genlock.GenlockSourceDigitalSyncI3d
  id: GenlockSourceDigitalSyncI3d
  parent: OpenTK.Platform.Windows.WGL_I3D_genlock
  langs:
  - csharp
  - vb
  name: GenlockSourceDigitalSyncI3d
  nameWithType: WGL_I3D_genlock.GenlockSourceDigitalSyncI3d
  fullName: OpenTK.Platform.Windows.WGL_I3D_genlock.GenlockSourceDigitalSyncI3d
  type: Field
  source:
    remote:
      path: src/OpenTK.Graphics/Wgl/WglEnums.cs
      branch: f3539ad1fda98af9b265e941e0aecfb4662a9bbe
      repo: https://github.com/opentk/opentk.git
    id: GenlockSourceDigitalSyncI3d
    path: opentk/src/OpenTK.Graphics/Wgl/WglEnums.cs
    startLine: 199
  assemblies:
  - OpenTK.Graphics
  namespace: OpenTK.Platform.Windows
  syntax:
    content: GenlockSourceDigitalSyncI3d = 8264
    return:
      type: OpenTK.Platform.Windows.WGL_I3D_genlock
- uid: OpenTK.Platform.Windows.WGL_I3D_genlock.GenlockSourceExtenalFieldI3d
  commentId: F:OpenTK.Platform.Windows.WGL_I3D_genlock.GenlockSourceExtenalFieldI3d
  id: GenlockSourceExtenalFieldI3d
  parent: OpenTK.Platform.Windows.WGL_I3D_genlock
  langs:
  - csharp
  - vb
  name: GenlockSourceExtenalFieldI3d
  nameWithType: WGL_I3D_genlock.GenlockSourceExtenalFieldI3d
  fullName: OpenTK.Platform.Windows.WGL_I3D_genlock.GenlockSourceExtenalFieldI3d
  type: Field
  source:
    remote:
      path: src/OpenTK.Graphics/Wgl/WglEnums.cs
      branch: f3539ad1fda98af9b265e941e0aecfb4662a9bbe
      repo: https://github.com/opentk/opentk.git
    id: GenlockSourceExtenalFieldI3d
    path: opentk/src/OpenTK.Graphics/Wgl/WglEnums.cs
    startLine: 200
  assemblies:
  - OpenTK.Graphics
  namespace: OpenTK.Platform.Windows
  syntax:
    content: GenlockSourceExtenalFieldI3d = 8262
    return:
      type: OpenTK.Platform.Windows.WGL_I3D_genlock
- uid: OpenTK.Platform.Windows.WGL_I3D_genlock.GenlockSourceDigitalFieldI3d
  commentId: F:OpenTK.Platform.Windows.WGL_I3D_genlock.GenlockSourceDigitalFieldI3d
  id: GenlockSourceDigitalFieldI3d
  parent: OpenTK.Platform.Windows.WGL_I3D_genlock
  langs:
  - csharp
  - vb
  name: GenlockSourceDigitalFieldI3d
  nameWithType: WGL_I3D_genlock.GenlockSourceDigitalFieldI3d
  fullName: OpenTK.Platform.Windows.WGL_I3D_genlock.GenlockSourceDigitalFieldI3d
  type: Field
  source:
    remote:
      path: src/OpenTK.Graphics/Wgl/WglEnums.cs
      branch: f3539ad1fda98af9b265e941e0aecfb4662a9bbe
      repo: https://github.com/opentk/opentk.git
    id: GenlockSourceDigitalFieldI3d
    path: opentk/src/OpenTK.Graphics/Wgl/WglEnums.cs
    startLine: 201
  assemblies:
  - OpenTK.Graphics
  namespace: OpenTK.Platform.Windows
  syntax:
    content: GenlockSourceDigitalFieldI3d = 8265
    return:
      type: OpenTK.Platform.Windows.WGL_I3D_genlock
- uid: OpenTK.Platform.Windows.WGL_I3D_genlock.GenlockSourceExtenalSyncI3d
  commentId: F:OpenTK.Platform.Windows.WGL_I3D_genlock.GenlockSourceExtenalSyncI3d
  id: GenlockSourceExtenalSyncI3d
  parent: OpenTK.Platform.Windows.WGL_I3D_genlock
  langs:
  - csharp
  - vb
  name: GenlockSourceExtenalSyncI3d
  nameWithType: WGL_I3D_genlock.GenlockSourceExtenalSyncI3d
  fullName: OpenTK.Platform.Windows.WGL_I3D_genlock.GenlockSourceExtenalSyncI3d
  type: Field
  source:
    remote:
      path: src/OpenTK.Graphics/Wgl/WglEnums.cs
      branch: f3539ad1fda98af9b265e941e0aecfb4662a9bbe
      repo: https://github.com/opentk/opentk.git
    id: GenlockSourceExtenalSyncI3d
    path: opentk/src/OpenTK.Graphics/Wgl/WglEnums.cs
    startLine: 202
  assemblies:
  - OpenTK.Graphics
  namespace: OpenTK.Platform.Windows
  syntax:
    content: GenlockSourceExtenalSyncI3d = 8261
    return:
      type: OpenTK.Platform.Windows.WGL_I3D_genlock
- uid: OpenTK.Platform.Windows.WGL_I3D_genlock.GenlockSourceEdgeFallingI3d
  commentId: F:OpenTK.Platform.Windows.WGL_I3D_genlock.GenlockSourceEdgeFallingI3d
  id: GenlockSourceEdgeFallingI3d
  parent: OpenTK.Platform.Windows.WGL_I3D_genlock
  langs:
  - csharp
  - vb
  name: GenlockSourceEdgeFallingI3d
  nameWithType: WGL_I3D_genlock.GenlockSourceEdgeFallingI3d
  fullName: OpenTK.Platform.Windows.WGL_I3D_genlock.GenlockSourceEdgeFallingI3d
  type: Field
  source:
    remote:
      path: src/OpenTK.Graphics/Wgl/WglEnums.cs
      branch: f3539ad1fda98af9b265e941e0aecfb4662a9bbe
      repo: https://github.com/opentk/opentk.git
    id: GenlockSourceEdgeFallingI3d
    path: opentk/src/OpenTK.Graphics/Wgl/WglEnums.cs
    startLine: 203
  assemblies:
  - OpenTK.Graphics
  namespace: OpenTK.Platform.Windows
  syntax:
    content: GenlockSourceEdgeFallingI3d = 8266
    return:
      type: OpenTK.Platform.Windows.WGL_I3D_genlock
- uid: OpenTK.Platform.Windows.WGL_I3D_genlock.GenlockSourceExtenalTtlI3d
  commentId: F:OpenTK.Platform.Windows.WGL_I3D_genlock.GenlockSourceExtenalTtlI3d
  id: GenlockSourceExtenalTtlI3d
  parent: OpenTK.Platform.Windows.WGL_I3D_genlock
  langs:
  - csharp
  - vb
  name: GenlockSourceExtenalTtlI3d
  nameWithType: WGL_I3D_genlock.GenlockSourceExtenalTtlI3d
  fullName: OpenTK.Platform.Windows.WGL_I3D_genlock.GenlockSourceExtenalTtlI3d
  type: Field
  source:
    remote:
      path: src/OpenTK.Graphics/Wgl/WglEnums.cs
      branch: f3539ad1fda98af9b265e941e0aecfb4662a9bbe
      repo: https://github.com/opentk/opentk.git
    id: GenlockSourceExtenalTtlI3d
    path: opentk/src/OpenTK.Graphics/Wgl/WglEnums.cs
    startLine: 204
  assemblies:
  - OpenTK.Graphics
  namespace: OpenTK.Platform.Windows
  syntax:
    content: GenlockSourceExtenalTtlI3d = 8263
    return:
      type: OpenTK.Platform.Windows.WGL_I3D_genlock
references:
- uid: OpenTK.Platform.Windows
  commentId: N:OpenTK.Platform.Windows
  href: OpenTK.html
  name: OpenTK.Platform.Windows
  nameWithType: OpenTK.Platform.Windows
  fullName: OpenTK.Platform.Windows
  spec.csharp:
  - uid: OpenTK
    name: OpenTK
    href: OpenTK.html
  - name: .
  - uid: OpenTK.Platform
    name: Platform
    href: OpenTK.Platform.html
  - name: .
  - uid: OpenTK.Platform.Windows
    name: Windows
    href: OpenTK.Platform.Windows.html
  spec.vb:
  - uid: OpenTK
    name: OpenTK
    href: OpenTK.html
  - name: .
  - uid: OpenTK.Platform
    name: Platform
    href: OpenTK.Platform.html
  - name: .
  - uid: OpenTK.Platform.Windows
    name: Windows
    href: OpenTK.Platform.Windows.html
- uid: OpenTK.Platform.Windows.WGL_I3D_genlock
  commentId: T:OpenTK.Platform.Windows.WGL_I3D_genlock
  parent: OpenTK.Platform.Windows
  href: OpenTK.Platform.Windows.WGL_I3D_genlock.html
  name: WGL_I3D_genlock
  nameWithType: WGL_I3D_genlock
  fullName: OpenTK.Platform.Windows.WGL_I3D_genlock
