### YamlMime:ManagedReference
items:
- uid: OpenTK.Audio.OpenAL.ALC.DeviceClock
  commentId: T:OpenTK.Audio.OpenAL.ALC.DeviceClock
  id: ALC.DeviceClock
  parent: OpenTK.Audio.OpenAL
  children:
  - OpenTK.Audio.OpenAL.ALC.DeviceClock.ExtensionName
  - OpenTK.Audio.OpenAL.ALC.DeviceClock.GetInteger(OpenTK.Audio.OpenAL.ALDevice,OpenTK.Audio.OpenAL.GetInteger64,System.Int32,System.Int64*)
  - OpenTK.Audio.OpenAL.ALC.DeviceClock.GetInteger(OpenTK.Audio.OpenAL.ALDevice,OpenTK.Audio.OpenAL.GetInteger64,System.Int32,System.Int64[])
  - OpenTK.Audio.OpenAL.ALC.DeviceClock.GetInteger(OpenTK.Audio.OpenAL.ALDevice,OpenTK.Audio.OpenAL.GetInteger64,System.Int64[])
  - OpenTK.Audio.OpenAL.ALC.DeviceClock.GetInteger(OpenTK.Audio.OpenAL.ALDevice,OpenTK.Audio.OpenAL.GetInteger64,System.Span{System.Int64})
  - OpenTK.Audio.OpenAL.ALC.DeviceClock.GetSource(System.Int32,OpenTK.Audio.OpenAL.SourceDouble,System.Double*)
  - OpenTK.Audio.OpenAL.ALC.DeviceClock.GetSource(System.Int32,OpenTK.Audio.OpenAL.SourceDouble,System.Double@,System.Double@)
  - OpenTK.Audio.OpenAL.ALC.DeviceClock.GetSource(System.Int32,OpenTK.Audio.OpenAL.SourceDouble,System.Double[])
  - OpenTK.Audio.OpenAL.ALC.DeviceClock.GetSource(System.Int32,OpenTK.Audio.OpenAL.SourceDouble,System.Span{System.Double})
  - OpenTK.Audio.OpenAL.ALC.DeviceClock.GetSource(System.Int32,OpenTK.Audio.OpenAL.SourceInteger64,System.Int32@,System.Int32@,System.Int64@)
  - OpenTK.Audio.OpenAL.ALC.DeviceClock.GetSource(System.Int32,OpenTK.Audio.OpenAL.SourceInteger64,System.Int64*)
  - OpenTK.Audio.OpenAL.ALC.DeviceClock.GetSource(System.Int32,OpenTK.Audio.OpenAL.SourceInteger64,System.Int64[])
  - OpenTK.Audio.OpenAL.ALC.DeviceClock.GetSource(System.Int32,OpenTK.Audio.OpenAL.SourceInteger64,System.Span{System.Int64})
  - OpenTK.Audio.OpenAL.ALC.DeviceClock.IsExtensionPresent(OpenTK.Audio.OpenAL.ALDevice)
  langs:
  - csharp
  - vb
  name: ALC.DeviceClock
  nameWithType: ALC.DeviceClock
  fullName: OpenTK.Audio.OpenAL.ALC.DeviceClock
  type: Class
  source:
    remote:
      path: src/OpenAL/OpenTK.Audio.OpenAL/Extensions/SOFT.DeviceClock/DeviceClock.cs
      branch: pal2-work
      repo: https://github.com/opentk/opentk.git
    id: DeviceClock
    path: opentk/src/OpenAL/OpenTK.Audio.OpenAL/Extensions/SOFT.DeviceClock/DeviceClock.cs
    startLine: 7
  assemblies:
  - OpenTK.Audio.OpenAL
  namespace: OpenTK.Audio.OpenAL
  syntax:
    content: 'public class ALC.DeviceClock : ALBase'
    content.vb: Public Class ALC.DeviceClock Inherits ALBase
  inheritance:
  - System.Object
  - OpenTK.Audio.OpenAL.ALBase
  inheritedMembers:
  - OpenTK.Audio.OpenAL.ALBase.RegisterOpenALResolver
  - OpenTK.Audio.OpenAL.ALBase.LoadDelegate``1(System.String)
  - System.Object.Equals(System.Object)
  - System.Object.Equals(System.Object,System.Object)
  - System.Object.GetHashCode
  - System.Object.GetType
  - System.Object.MemberwiseClone
  - System.Object.ReferenceEquals(System.Object,System.Object)
  - System.Object.ToString
- uid: OpenTK.Audio.OpenAL.ALC.DeviceClock.ExtensionName
  commentId: F:OpenTK.Audio.OpenAL.ALC.DeviceClock.ExtensionName
  id: ExtensionName
  parent: OpenTK.Audio.OpenAL.ALC.DeviceClock
  langs:
  - csharp
  - vb
  name: ExtensionName
  nameWithType: ALC.DeviceClock.ExtensionName
  fullName: OpenTK.Audio.OpenAL.ALC.DeviceClock.ExtensionName
  type: Field
  source:
    remote:
      path: src/OpenAL/OpenTK.Audio.OpenAL/Extensions/SOFT.DeviceClock/DeviceClock.cs
      branch: pal2-work
      repo: https://github.com/opentk/opentk.git
    id: ExtensionName
    path: opentk/src/OpenAL/OpenTK.Audio.OpenAL/Extensions/SOFT.DeviceClock/DeviceClock.cs
    startLine: 12
  assemblies:
  - OpenTK.Audio.OpenAL
  namespace: OpenTK.Audio.OpenAL
  summary: The name of this AL extension.
  example: []
  syntax:
    content: public const string ExtensionName = "ALC_SOFT_device_clock"
    return:
      type: System.String
    content.vb: Public Const ExtensionName As String = "ALC_SOFT_device_clock"
- uid: OpenTK.Audio.OpenAL.ALC.DeviceClock.IsExtensionPresent(OpenTK.Audio.OpenAL.ALDevice)
  commentId: M:OpenTK.Audio.OpenAL.ALC.DeviceClock.IsExtensionPresent(OpenTK.Audio.OpenAL.ALDevice)
  id: IsExtensionPresent(OpenTK.Audio.OpenAL.ALDevice)
  parent: OpenTK.Audio.OpenAL.ALC.DeviceClock
  langs:
  - csharp
  - vb
  name: IsExtensionPresent(ALDevice)
  nameWithType: ALC.DeviceClock.IsExtensionPresent(ALDevice)
  fullName: OpenTK.Audio.OpenAL.ALC.DeviceClock.IsExtensionPresent(OpenTK.Audio.OpenAL.ALDevice)
  type: Method
  source:
    remote:
      path: src/OpenAL/OpenTK.Audio.OpenAL/Extensions/SOFT.DeviceClock/DeviceClock.cs
      branch: pal2-work
      repo: https://github.com/opentk/opentk.git
    id: IsExtensionPresent
    path: opentk/src/OpenAL/OpenTK.Audio.OpenAL/Extensions/SOFT.DeviceClock/DeviceClock.cs
    startLine: 29
  assemblies:
  - OpenTK.Audio.OpenAL
  namespace: OpenTK.Audio.OpenAL
  summary: Checks if this extension is present.
  example: []
  syntax:
    content: public static bool IsExtensionPresent(ALDevice device)
    parameters:
    - id: device
      type: OpenTK.Audio.OpenAL.ALDevice
      description: The device to query.
    return:
      type: System.Boolean
      description: Whether the extension was present or not.
    content.vb: Public Shared Function IsExtensionPresent(device As ALDevice) As Boolean
  overload: OpenTK.Audio.OpenAL.ALC.DeviceClock.IsExtensionPresent*
- uid: OpenTK.Audio.OpenAL.ALC.DeviceClock.GetInteger(OpenTK.Audio.OpenAL.ALDevice,OpenTK.Audio.OpenAL.GetInteger64,System.Int32,System.Int64*)
  commentId: M:OpenTK.Audio.OpenAL.ALC.DeviceClock.GetInteger(OpenTK.Audio.OpenAL.ALDevice,OpenTK.Audio.OpenAL.GetInteger64,System.Int32,System.Int64*)
  id: GetInteger(OpenTK.Audio.OpenAL.ALDevice,OpenTK.Audio.OpenAL.GetInteger64,System.Int32,System.Int64*)
  parent: OpenTK.Audio.OpenAL.ALC.DeviceClock
  langs:
  - csharp
  - vb
  name: GetInteger(ALDevice, GetInteger64, int, long*)
  nameWithType: ALC.DeviceClock.GetInteger(ALDevice, GetInteger64, int, long*)
  fullName: OpenTK.Audio.OpenAL.ALC.DeviceClock.GetInteger(OpenTK.Audio.OpenAL.ALDevice, OpenTK.Audio.OpenAL.GetInteger64, int, long*)
  type: Method
  source:
    remote:
      path: src/OpenAL/OpenTK.Audio.OpenAL/Extensions/SOFT.DeviceClock/DeviceClock.cs
      branch: pal2-work
      repo: https://github.com/opentk/opentk.git
    id: GetInteger
    path: opentk/src/OpenAL/OpenTK.Audio.OpenAL/Extensions/SOFT.DeviceClock/DeviceClock.cs
    startLine: 35
  assemblies:
  - OpenTK.Audio.OpenAL
  namespace: OpenTK.Audio.OpenAL
  syntax:
    content: public static void GetInteger(ALDevice device, GetInteger64 param, int size, long* values)
    parameters:
    - id: device
      type: OpenTK.Audio.OpenAL.ALDevice
    - id: param
      type: OpenTK.Audio.OpenAL.GetInteger64
    - id: size
      type: System.Int32
    - id: values
      type: System.Int64*
    content.vb: Public Shared Sub GetInteger(device As ALDevice, param As GetInteger64, size As Integer, values As Long*)
  overload: OpenTK.Audio.OpenAL.ALC.DeviceClock.GetInteger*
  nameWithType.vb: ALC.DeviceClock.GetInteger(ALDevice, GetInteger64, Integer, Long*)
  fullName.vb: OpenTK.Audio.OpenAL.ALC.DeviceClock.GetInteger(OpenTK.Audio.OpenAL.ALDevice, OpenTK.Audio.OpenAL.GetInteger64, Integer, Long*)
  name.vb: GetInteger(ALDevice, GetInteger64, Integer, Long*)
- uid: OpenTK.Audio.OpenAL.ALC.DeviceClock.GetInteger(OpenTK.Audio.OpenAL.ALDevice,OpenTK.Audio.OpenAL.GetInteger64,System.Int32,System.Int64[])
  commentId: M:OpenTK.Audio.OpenAL.ALC.DeviceClock.GetInteger(OpenTK.Audio.OpenAL.ALDevice,OpenTK.Audio.OpenAL.GetInteger64,System.Int32,System.Int64[])
  id: GetInteger(OpenTK.Audio.OpenAL.ALDevice,OpenTK.Audio.OpenAL.GetInteger64,System.Int32,System.Int64[])
  parent: OpenTK.Audio.OpenAL.ALC.DeviceClock
  langs:
  - csharp
  - vb
  name: GetInteger(ALDevice, GetInteger64, int, long[])
  nameWithType: ALC.DeviceClock.GetInteger(ALDevice, GetInteger64, int, long[])
  fullName: OpenTK.Audio.OpenAL.ALC.DeviceClock.GetInteger(OpenTK.Audio.OpenAL.ALDevice, OpenTK.Audio.OpenAL.GetInteger64, int, long[])
  type: Method
  source:
    remote:
      path: src/OpenAL/OpenTK.Audio.OpenAL/Extensions/SOFT.DeviceClock/DeviceClock.cs
      branch: pal2-work
      repo: https://github.com/opentk/opentk.git
    id: GetInteger
    path: opentk/src/OpenAL/OpenTK.Audio.OpenAL/Extensions/SOFT.DeviceClock/DeviceClock.cs
    startLine: 45
  assemblies:
  - OpenTK.Audio.OpenAL
  namespace: OpenTK.Audio.OpenAL
  syntax:
    content: public static void GetInteger(ALDevice device, GetInteger64 param, int size, long[] values)
    parameters:
    - id: device
      type: OpenTK.Audio.OpenAL.ALDevice
    - id: param
      type: OpenTK.Audio.OpenAL.GetInteger64
    - id: size
      type: System.Int32
    - id: values
      type: System.Int64[]
    content.vb: Public Shared Sub GetInteger(device As ALDevice, param As GetInteger64, size As Integer, values As Long())
  overload: OpenTK.Audio.OpenAL.ALC.DeviceClock.GetInteger*
  nameWithType.vb: ALC.DeviceClock.GetInteger(ALDevice, GetInteger64, Integer, Long())
  fullName.vb: OpenTK.Audio.OpenAL.ALC.DeviceClock.GetInteger(OpenTK.Audio.OpenAL.ALDevice, OpenTK.Audio.OpenAL.GetInteger64, Integer, Long())
  name.vb: GetInteger(ALDevice, GetInteger64, Integer, Long())
- uid: OpenTK.Audio.OpenAL.ALC.DeviceClock.GetSource(System.Int32,OpenTK.Audio.OpenAL.SourceInteger64,System.Int64*)
  commentId: M:OpenTK.Audio.OpenAL.ALC.DeviceClock.GetSource(System.Int32,OpenTK.Audio.OpenAL.SourceInteger64,System.Int64*)
  id: GetSource(System.Int32,OpenTK.Audio.OpenAL.SourceInteger64,System.Int64*)
  parent: OpenTK.Audio.OpenAL.ALC.DeviceClock
  langs:
  - csharp
  - vb
  name: GetSource(int, SourceInteger64, long*)
  nameWithType: ALC.DeviceClock.GetSource(int, SourceInteger64, long*)
  fullName: OpenTK.Audio.OpenAL.ALC.DeviceClock.GetSource(int, OpenTK.Audio.OpenAL.SourceInteger64, long*)
  type: Method
  source:
    remote:
      path: src/OpenAL/OpenTK.Audio.OpenAL/Extensions/SOFT.DeviceClock/DeviceClock.cs
      branch: pal2-work
      repo: https://github.com/opentk/opentk.git
    id: GetSource
    path: opentk/src/OpenAL/OpenTK.Audio.OpenAL/Extensions/SOFT.DeviceClock/DeviceClock.cs
    startLine: 50
  assemblies:
  - OpenTK.Audio.OpenAL
  namespace: OpenTK.Audio.OpenAL
  syntax:
    content: public static void GetSource(int source, SourceInteger64 param, long* values)
    parameters:
    - id: source
      type: System.Int32
    - id: param
      type: OpenTK.Audio.OpenAL.SourceInteger64
    - id: values
      type: System.Int64*
    content.vb: Public Shared Sub GetSource(source As Integer, param As SourceInteger64, values As Long*)
  overload: OpenTK.Audio.OpenAL.ALC.DeviceClock.GetSource*
  nameWithType.vb: ALC.DeviceClock.GetSource(Integer, SourceInteger64, Long*)
  fullName.vb: OpenTK.Audio.OpenAL.ALC.DeviceClock.GetSource(Integer, OpenTK.Audio.OpenAL.SourceInteger64, Long*)
  name.vb: GetSource(Integer, SourceInteger64, Long*)
- uid: OpenTK.Audio.OpenAL.ALC.DeviceClock.GetSource(System.Int32,OpenTK.Audio.OpenAL.SourceInteger64,System.Int64[])
  commentId: M:OpenTK.Audio.OpenAL.ALC.DeviceClock.GetSource(System.Int32,OpenTK.Audio.OpenAL.SourceInteger64,System.Int64[])
  id: GetSource(System.Int32,OpenTK.Audio.OpenAL.SourceInteger64,System.Int64[])
  parent: OpenTK.Audio.OpenAL.ALC.DeviceClock
  langs:
  - csharp
  - vb
  name: GetSource(int, SourceInteger64, long[])
  nameWithType: ALC.DeviceClock.GetSource(int, SourceInteger64, long[])
  fullName: OpenTK.Audio.OpenAL.ALC.DeviceClock.GetSource(int, OpenTK.Audio.OpenAL.SourceInteger64, long[])
  type: Method
  source:
    remote:
      path: src/OpenAL/OpenTK.Audio.OpenAL/Extensions/SOFT.DeviceClock/DeviceClock.cs
      branch: pal2-work
      repo: https://github.com/opentk/opentk.git
    id: GetSource
    path: opentk/src/OpenAL/OpenTK.Audio.OpenAL/Extensions/SOFT.DeviceClock/DeviceClock.cs
    startLine: 60
  assemblies:
  - OpenTK.Audio.OpenAL
  namespace: OpenTK.Audio.OpenAL
  syntax:
    content: public static void GetSource(int source, SourceInteger64 param, long[] values)
    parameters:
    - id: source
      type: System.Int32
    - id: param
      type: OpenTK.Audio.OpenAL.SourceInteger64
    - id: values
      type: System.Int64[]
    content.vb: Public Shared Sub GetSource(source As Integer, param As SourceInteger64, values As Long())
  overload: OpenTK.Audio.OpenAL.ALC.DeviceClock.GetSource*
  nameWithType.vb: ALC.DeviceClock.GetSource(Integer, SourceInteger64, Long())
  fullName.vb: OpenTK.Audio.OpenAL.ALC.DeviceClock.GetSource(Integer, OpenTK.Audio.OpenAL.SourceInteger64, Long())
  name.vb: GetSource(Integer, SourceInteger64, Long())
- uid: OpenTK.Audio.OpenAL.ALC.DeviceClock.GetSource(System.Int32,OpenTK.Audio.OpenAL.SourceDouble,System.Double*)
  commentId: M:OpenTK.Audio.OpenAL.ALC.DeviceClock.GetSource(System.Int32,OpenTK.Audio.OpenAL.SourceDouble,System.Double*)
  id: GetSource(System.Int32,OpenTK.Audio.OpenAL.SourceDouble,System.Double*)
  parent: OpenTK.Audio.OpenAL.ALC.DeviceClock
  langs:
  - csharp
  - vb
  name: GetSource(int, SourceDouble, double*)
  nameWithType: ALC.DeviceClock.GetSource(int, SourceDouble, double*)
  fullName: OpenTK.Audio.OpenAL.ALC.DeviceClock.GetSource(int, OpenTK.Audio.OpenAL.SourceDouble, double*)
  type: Method
  source:
    remote:
      path: src/OpenAL/OpenTK.Audio.OpenAL/Extensions/SOFT.DeviceClock/DeviceClock.cs
      branch: pal2-work
      repo: https://github.com/opentk/opentk.git
    id: GetSource
    path: opentk/src/OpenAL/OpenTK.Audio.OpenAL/Extensions/SOFT.DeviceClock/DeviceClock.cs
    startLine: 65
  assemblies:
  - OpenTK.Audio.OpenAL
  namespace: OpenTK.Audio.OpenAL
  syntax:
    content: public static void GetSource(int source, SourceDouble param, double* values)
    parameters:
    - id: source
      type: System.Int32
    - id: param
      type: OpenTK.Audio.OpenAL.SourceDouble
    - id: values
      type: System.Double*
    content.vb: Public Shared Sub GetSource(source As Integer, param As SourceDouble, values As Double*)
  overload: OpenTK.Audio.OpenAL.ALC.DeviceClock.GetSource*
  nameWithType.vb: ALC.DeviceClock.GetSource(Integer, SourceDouble, Double*)
  fullName.vb: OpenTK.Audio.OpenAL.ALC.DeviceClock.GetSource(Integer, OpenTK.Audio.OpenAL.SourceDouble, Double*)
  name.vb: GetSource(Integer, SourceDouble, Double*)
- uid: OpenTK.Audio.OpenAL.ALC.DeviceClock.GetSource(System.Int32,OpenTK.Audio.OpenAL.SourceDouble,System.Double[])
  commentId: M:OpenTK.Audio.OpenAL.ALC.DeviceClock.GetSource(System.Int32,OpenTK.Audio.OpenAL.SourceDouble,System.Double[])
  id: GetSource(System.Int32,OpenTK.Audio.OpenAL.SourceDouble,System.Double[])
  parent: OpenTK.Audio.OpenAL.ALC.DeviceClock
  langs:
  - csharp
  - vb
  name: GetSource(int, SourceDouble, double[])
  nameWithType: ALC.DeviceClock.GetSource(int, SourceDouble, double[])
  fullName: OpenTK.Audio.OpenAL.ALC.DeviceClock.GetSource(int, OpenTK.Audio.OpenAL.SourceDouble, double[])
  type: Method
  source:
    remote:
      path: src/OpenAL/OpenTK.Audio.OpenAL/Extensions/SOFT.DeviceClock/DeviceClock.cs
      branch: pal2-work
      repo: https://github.com/opentk/opentk.git
    id: GetSource
    path: opentk/src/OpenAL/OpenTK.Audio.OpenAL/Extensions/SOFT.DeviceClock/DeviceClock.cs
    startLine: 75
  assemblies:
  - OpenTK.Audio.OpenAL
  namespace: OpenTK.Audio.OpenAL
  syntax:
    content: public static void GetSource(int source, SourceDouble param, double[] values)
    parameters:
    - id: source
      type: System.Int32
    - id: param
      type: OpenTK.Audio.OpenAL.SourceDouble
    - id: values
      type: System.Double[]
    content.vb: Public Shared Sub GetSource(source As Integer, param As SourceDouble, values As Double())
  overload: OpenTK.Audio.OpenAL.ALC.DeviceClock.GetSource*
  nameWithType.vb: ALC.DeviceClock.GetSource(Integer, SourceDouble, Double())
  fullName.vb: OpenTK.Audio.OpenAL.ALC.DeviceClock.GetSource(Integer, OpenTK.Audio.OpenAL.SourceDouble, Double())
  name.vb: GetSource(Integer, SourceDouble, Double())
- uid: OpenTK.Audio.OpenAL.ALC.DeviceClock.GetInteger(OpenTK.Audio.OpenAL.ALDevice,OpenTK.Audio.OpenAL.GetInteger64,System.Int64[])
  commentId: M:OpenTK.Audio.OpenAL.ALC.DeviceClock.GetInteger(OpenTK.Audio.OpenAL.ALDevice,OpenTK.Audio.OpenAL.GetInteger64,System.Int64[])
  id: GetInteger(OpenTK.Audio.OpenAL.ALDevice,OpenTK.Audio.OpenAL.GetInteger64,System.Int64[])
  parent: OpenTK.Audio.OpenAL.ALC.DeviceClock
  langs:
  - csharp
  - vb
  name: GetInteger(ALDevice, GetInteger64, long[])
  nameWithType: ALC.DeviceClock.GetInteger(ALDevice, GetInteger64, long[])
  fullName: OpenTK.Audio.OpenAL.ALC.DeviceClock.GetInteger(OpenTK.Audio.OpenAL.ALDevice, OpenTK.Audio.OpenAL.GetInteger64, long[])
  type: Method
  source:
    remote:
      path: src/OpenAL/OpenTK.Audio.OpenAL/Extensions/SOFT.DeviceClock/DeviceClock.cs
      branch: pal2-work
      repo: https://github.com/opentk/opentk.git
    id: GetInteger
    path: opentk/src/OpenAL/OpenTK.Audio.OpenAL/Extensions/SOFT.DeviceClock/DeviceClock.cs
    startLine: 81
  assemblies:
  - OpenTK.Audio.OpenAL
  namespace: OpenTK.Audio.OpenAL
  syntax:
    content: public static void GetInteger(ALDevice device, GetInteger64 param, long[] values)
    parameters:
    - id: device
      type: OpenTK.Audio.OpenAL.ALDevice
    - id: param
      type: OpenTK.Audio.OpenAL.GetInteger64
    - id: values
      type: System.Int64[]
    content.vb: Public Shared Sub GetInteger(device As ALDevice, param As GetInteger64, values As Long())
  overload: OpenTK.Audio.OpenAL.ALC.DeviceClock.GetInteger*
  nameWithType.vb: ALC.DeviceClock.GetInteger(ALDevice, GetInteger64, Long())
  fullName.vb: OpenTK.Audio.OpenAL.ALC.DeviceClock.GetInteger(OpenTK.Audio.OpenAL.ALDevice, OpenTK.Audio.OpenAL.GetInteger64, Long())
  name.vb: GetInteger(ALDevice, GetInteger64, Long())
- uid: OpenTK.Audio.OpenAL.ALC.DeviceClock.GetInteger(OpenTK.Audio.OpenAL.ALDevice,OpenTK.Audio.OpenAL.GetInteger64,System.Span{System.Int64})
  commentId: M:OpenTK.Audio.OpenAL.ALC.DeviceClock.GetInteger(OpenTK.Audio.OpenAL.ALDevice,OpenTK.Audio.OpenAL.GetInteger64,System.Span{System.Int64})
  id: GetInteger(OpenTK.Audio.OpenAL.ALDevice,OpenTK.Audio.OpenAL.GetInteger64,System.Span{System.Int64})
  parent: OpenTK.Audio.OpenAL.ALC.DeviceClock
  langs:
  - csharp
  - vb
  name: GetInteger(ALDevice, GetInteger64, Span<long>)
  nameWithType: ALC.DeviceClock.GetInteger(ALDevice, GetInteger64, Span<long>)
  fullName: OpenTK.Audio.OpenAL.ALC.DeviceClock.GetInteger(OpenTK.Audio.OpenAL.ALDevice, OpenTK.Audio.OpenAL.GetInteger64, System.Span<long>)
  type: Method
  source:
    remote:
      path: src/OpenAL/OpenTK.Audio.OpenAL/Extensions/SOFT.DeviceClock/DeviceClock.cs
      branch: pal2-work
      repo: https://github.com/opentk/opentk.git
    id: GetInteger
    path: opentk/src/OpenAL/OpenTK.Audio.OpenAL/Extensions/SOFT.DeviceClock/DeviceClock.cs
    startLine: 86
  assemblies:
  - OpenTK.Audio.OpenAL
  namespace: OpenTK.Audio.OpenAL
  syntax:
    content: public static void GetInteger(ALDevice device, GetInteger64 param, Span<long> values)
    parameters:
    - id: device
      type: OpenTK.Audio.OpenAL.ALDevice
    - id: param
      type: OpenTK.Audio.OpenAL.GetInteger64
    - id: values
      type: System.Span{System.Int64}
    content.vb: Public Shared Sub GetInteger(device As ALDevice, param As GetInteger64, values As Span(Of Long))
  overload: OpenTK.Audio.OpenAL.ALC.DeviceClock.GetInteger*
  nameWithType.vb: ALC.DeviceClock.GetInteger(ALDevice, GetInteger64, Span(Of Long))
  fullName.vb: OpenTK.Audio.OpenAL.ALC.DeviceClock.GetInteger(OpenTK.Audio.OpenAL.ALDevice, OpenTK.Audio.OpenAL.GetInteger64, System.Span(Of Long))
  name.vb: GetInteger(ALDevice, GetInteger64, Span(Of Long))
- uid: OpenTK.Audio.OpenAL.ALC.DeviceClock.GetSource(System.Int32,OpenTK.Audio.OpenAL.SourceInteger64,System.Span{System.Int64})
  commentId: M:OpenTK.Audio.OpenAL.ALC.DeviceClock.GetSource(System.Int32,OpenTK.Audio.OpenAL.SourceInteger64,System.Span{System.Int64})
  id: GetSource(System.Int32,OpenTK.Audio.OpenAL.SourceInteger64,System.Span{System.Int64})
  parent: OpenTK.Audio.OpenAL.ALC.DeviceClock
  langs:
  - csharp
  - vb
  name: GetSource(int, SourceInteger64, Span<long>)
  nameWithType: ALC.DeviceClock.GetSource(int, SourceInteger64, Span<long>)
  fullName: OpenTK.Audio.OpenAL.ALC.DeviceClock.GetSource(int, OpenTK.Audio.OpenAL.SourceInteger64, System.Span<long>)
  type: Method
  source:
    remote:
      path: src/OpenAL/OpenTK.Audio.OpenAL/Extensions/SOFT.DeviceClock/DeviceClock.cs
      branch: pal2-work
      repo: https://github.com/opentk/opentk.git
    id: GetSource
    path: opentk/src/OpenAL/OpenTK.Audio.OpenAL/Extensions/SOFT.DeviceClock/DeviceClock.cs
    startLine: 91
  assemblies:
  - OpenTK.Audio.OpenAL
  namespace: OpenTK.Audio.OpenAL
  syntax:
    content: public static void GetSource(int source, SourceInteger64 param, Span<long> values)
    parameters:
    - id: source
      type: System.Int32
    - id: param
      type: OpenTK.Audio.OpenAL.SourceInteger64
    - id: values
      type: System.Span{System.Int64}
    content.vb: Public Shared Sub GetSource(source As Integer, param As SourceInteger64, values As Span(Of Long))
  overload: OpenTK.Audio.OpenAL.ALC.DeviceClock.GetSource*
  nameWithType.vb: ALC.DeviceClock.GetSource(Integer, SourceInteger64, Span(Of Long))
  fullName.vb: OpenTK.Audio.OpenAL.ALC.DeviceClock.GetSource(Integer, OpenTK.Audio.OpenAL.SourceInteger64, System.Span(Of Long))
  name.vb: GetSource(Integer, SourceInteger64, Span(Of Long))
- uid: OpenTK.Audio.OpenAL.ALC.DeviceClock.GetSource(System.Int32,OpenTK.Audio.OpenAL.SourceInteger64,System.Int32@,System.Int32@,System.Int64@)
  commentId: M:OpenTK.Audio.OpenAL.ALC.DeviceClock.GetSource(System.Int32,OpenTK.Audio.OpenAL.SourceInteger64,System.Int32@,System.Int32@,System.Int64@)
  id: GetSource(System.Int32,OpenTK.Audio.OpenAL.SourceInteger64,System.Int32@,System.Int32@,System.Int64@)
  parent: OpenTK.Audio.OpenAL.ALC.DeviceClock
  langs:
  - csharp
  - vb
  name: GetSource(int, SourceInteger64, out int, out int, out long)
  nameWithType: ALC.DeviceClock.GetSource(int, SourceInteger64, out int, out int, out long)
  fullName: OpenTK.Audio.OpenAL.ALC.DeviceClock.GetSource(int, OpenTK.Audio.OpenAL.SourceInteger64, out int, out int, out long)
  type: Method
  source:
    remote:
      path: src/OpenAL/OpenTK.Audio.OpenAL/Extensions/SOFT.DeviceClock/DeviceClock.cs
      branch: pal2-work
      repo: https://github.com/opentk/opentk.git
    id: GetSource
    path: opentk/src/OpenAL/OpenTK.Audio.OpenAL/Extensions/SOFT.DeviceClock/DeviceClock.cs
    startLine: 96
  assemblies:
  - OpenTK.Audio.OpenAL
  namespace: OpenTK.Audio.OpenAL
  syntax:
    content: public static void GetSource(int source, SourceInteger64 param, out int value1, out int value2, out long value3)
    parameters:
    - id: source
      type: System.Int32
    - id: param
      type: OpenTK.Audio.OpenAL.SourceInteger64
    - id: value1
      type: System.Int32
    - id: value2
      type: System.Int32
    - id: value3
      type: System.Int64
    content.vb: Public Shared Sub GetSource(source As Integer, param As SourceInteger64, value1 As Integer, value2 As Integer, value3 As Long)
  overload: OpenTK.Audio.OpenAL.ALC.DeviceClock.GetSource*
  nameWithType.vb: ALC.DeviceClock.GetSource(Integer, SourceInteger64, Integer, Integer, Long)
  fullName.vb: OpenTK.Audio.OpenAL.ALC.DeviceClock.GetSource(Integer, OpenTK.Audio.OpenAL.SourceInteger64, Integer, Integer, Long)
  name.vb: GetSource(Integer, SourceInteger64, Integer, Integer, Long)
- uid: OpenTK.Audio.OpenAL.ALC.DeviceClock.GetSource(System.Int32,OpenTK.Audio.OpenAL.SourceDouble,System.Span{System.Double})
  commentId: M:OpenTK.Audio.OpenAL.ALC.DeviceClock.GetSource(System.Int32,OpenTK.Audio.OpenAL.SourceDouble,System.Span{System.Double})
  id: GetSource(System.Int32,OpenTK.Audio.OpenAL.SourceDouble,System.Span{System.Double})
  parent: OpenTK.Audio.OpenAL.ALC.DeviceClock
  langs:
  - csharp
  - vb
  name: GetSource(int, SourceDouble, Span<double>)
  nameWithType: ALC.DeviceClock.GetSource(int, SourceDouble, Span<double>)
  fullName: OpenTK.Audio.OpenAL.ALC.DeviceClock.GetSource(int, OpenTK.Audio.OpenAL.SourceDouble, System.Span<double>)
  type: Method
  source:
    remote:
      path: src/OpenAL/OpenTK.Audio.OpenAL/Extensions/SOFT.DeviceClock/DeviceClock.cs
      branch: pal2-work
      repo: https://github.com/opentk/opentk.git
    id: GetSource
    path: opentk/src/OpenAL/OpenTK.Audio.OpenAL/Extensions/SOFT.DeviceClock/DeviceClock.cs
    startLine: 105
  assemblies:
  - OpenTK.Audio.OpenAL
  namespace: OpenTK.Audio.OpenAL
  syntax:
    content: public static void GetSource(int source, SourceDouble param, Span<double> values)
    parameters:
    - id: source
      type: System.Int32
    - id: param
      type: OpenTK.Audio.OpenAL.SourceDouble
    - id: values
      type: System.Span{System.Double}
    content.vb: Public Shared Sub GetSource(source As Integer, param As SourceDouble, values As Span(Of Double))
  overload: OpenTK.Audio.OpenAL.ALC.DeviceClock.GetSource*
  nameWithType.vb: ALC.DeviceClock.GetSource(Integer, SourceDouble, Span(Of Double))
  fullName.vb: OpenTK.Audio.OpenAL.ALC.DeviceClock.GetSource(Integer, OpenTK.Audio.OpenAL.SourceDouble, System.Span(Of Double))
  name.vb: GetSource(Integer, SourceDouble, Span(Of Double))
- uid: OpenTK.Audio.OpenAL.ALC.DeviceClock.GetSource(System.Int32,OpenTK.Audio.OpenAL.SourceDouble,System.Double@,System.Double@)
  commentId: M:OpenTK.Audio.OpenAL.ALC.DeviceClock.GetSource(System.Int32,OpenTK.Audio.OpenAL.SourceDouble,System.Double@,System.Double@)
  id: GetSource(System.Int32,OpenTK.Audio.OpenAL.SourceDouble,System.Double@,System.Double@)
  parent: OpenTK.Audio.OpenAL.ALC.DeviceClock
  langs:
  - csharp
  - vb
  name: GetSource(int, SourceDouble, out double, out double)
  nameWithType: ALC.DeviceClock.GetSource(int, SourceDouble, out double, out double)
  fullName: OpenTK.Audio.OpenAL.ALC.DeviceClock.GetSource(int, OpenTK.Audio.OpenAL.SourceDouble, out double, out double)
  type: Method
  source:
    remote:
      path: src/OpenAL/OpenTK.Audio.OpenAL/Extensions/SOFT.DeviceClock/DeviceClock.cs
      branch: pal2-work
      repo: https://github.com/opentk/opentk.git
    id: GetSource
    path: opentk/src/OpenAL/OpenTK.Audio.OpenAL/Extensions/SOFT.DeviceClock/DeviceClock.cs
    startLine: 110
  assemblies:
  - OpenTK.Audio.OpenAL
  namespace: OpenTK.Audio.OpenAL
  syntax:
    content: public static void GetSource(int source, SourceDouble param, out double value1, out double value2)
    parameters:
    - id: source
      type: System.Int32
    - id: param
      type: OpenTK.Audio.OpenAL.SourceDouble
    - id: value1
      type: System.Double
    - id: value2
      type: System.Double
    content.vb: Public Shared Sub GetSource(source As Integer, param As SourceDouble, value1 As Double, value2 As Double)
  overload: OpenTK.Audio.OpenAL.ALC.DeviceClock.GetSource*
  nameWithType.vb: ALC.DeviceClock.GetSource(Integer, SourceDouble, Double, Double)
  fullName.vb: OpenTK.Audio.OpenAL.ALC.DeviceClock.GetSource(Integer, OpenTK.Audio.OpenAL.SourceDouble, Double, Double)
  name.vb: GetSource(Integer, SourceDouble, Double, Double)
references:
- uid: OpenTK.Audio.OpenAL
  commentId: N:OpenTK.Audio.OpenAL
  href: OpenTK.html
  name: OpenTK.Audio.OpenAL
  nameWithType: OpenTK.Audio.OpenAL
  fullName: OpenTK.Audio.OpenAL
  spec.csharp:
  - uid: OpenTK
    name: OpenTK
    href: OpenTK.html
  - name: .
  - uid: OpenTK.Audio
    name: Audio
    href: OpenTK.Audio.html
  - name: .
  - uid: OpenTK.Audio.OpenAL
    name: OpenAL
    href: OpenTK.Audio.OpenAL.html
  spec.vb:
  - uid: OpenTK
    name: OpenTK
    href: OpenTK.html
  - name: .
  - uid: OpenTK.Audio
    name: Audio
    href: OpenTK.Audio.html
  - name: .
  - uid: OpenTK.Audio.OpenAL
    name: OpenAL
    href: OpenTK.Audio.OpenAL.html
- uid: System.Object
  commentId: T:System.Object
  parent: System
  isExternal: true
  href: https://learn.microsoft.com/dotnet/api/system.object
  name: object
  nameWithType: object
  fullName: object
  nameWithType.vb: Object
  fullName.vb: Object
  name.vb: Object
- uid: OpenTK.Audio.OpenAL.ALBase
  commentId: T:OpenTK.Audio.OpenAL.ALBase
  parent: OpenTK.Audio.OpenAL
  href: OpenTK.Audio.OpenAL.ALBase.html
  name: ALBase
  nameWithType: ALBase
  fullName: OpenTK.Audio.OpenAL.ALBase
- uid: OpenTK.Audio.OpenAL.ALBase.RegisterOpenALResolver
  commentId: M:OpenTK.Audio.OpenAL.ALBase.RegisterOpenALResolver
  parent: OpenTK.Audio.OpenAL.ALBase
  href: OpenTK.Audio.OpenAL.ALBase.html#OpenTK_Audio_OpenAL_ALBase_RegisterOpenALResolver
  name: RegisterOpenALResolver()
  nameWithType: ALBase.RegisterOpenALResolver()
  fullName: OpenTK.Audio.OpenAL.ALBase.RegisterOpenALResolver()
  spec.csharp:
  - uid: OpenTK.Audio.OpenAL.ALBase.RegisterOpenALResolver
    name: RegisterOpenALResolver
    href: OpenTK.Audio.OpenAL.ALBase.html#OpenTK_Audio_OpenAL_ALBase_RegisterOpenALResolver
  - name: (
  - name: )
  spec.vb:
  - uid: OpenTK.Audio.OpenAL.ALBase.RegisterOpenALResolver
    name: RegisterOpenALResolver
    href: OpenTK.Audio.OpenAL.ALBase.html#OpenTK_Audio_OpenAL_ALBase_RegisterOpenALResolver
  - name: (
  - name: )
- uid: OpenTK.Audio.OpenAL.ALBase.LoadDelegate``1(System.String)
  commentId: M:OpenTK.Audio.OpenAL.ALBase.LoadDelegate``1(System.String)
  parent: OpenTK.Audio.OpenAL.ALBase
  isExternal: true
  href: OpenTK.Audio.OpenAL.ALBase.html#OpenTK_Audio_OpenAL_ALBase_LoadDelegate__1_System_String_
  name: LoadDelegate<TDelegate>(string)
  nameWithType: ALBase.LoadDelegate<TDelegate>(string)
  fullName: OpenTK.Audio.OpenAL.ALBase.LoadDelegate<TDelegate>(string)
  nameWithType.vb: ALBase.LoadDelegate(Of TDelegate)(String)
  fullName.vb: OpenTK.Audio.OpenAL.ALBase.LoadDelegate(Of TDelegate)(String)
  name.vb: LoadDelegate(Of TDelegate)(String)
  spec.csharp:
  - uid: OpenTK.Audio.OpenAL.ALBase.LoadDelegate``1(System.String)
    name: LoadDelegate
    href: OpenTK.Audio.OpenAL.ALBase.html#OpenTK_Audio_OpenAL_ALBase_LoadDelegate__1_System_String_
  - name: <
  - name: TDelegate
  - name: '>'
  - name: (
  - uid: System.String
    name: string
    isExternal: true
    href: https://learn.microsoft.com/dotnet/api/system.string
  - name: )
  spec.vb:
  - uid: OpenTK.Audio.OpenAL.ALBase.LoadDelegate``1(System.String)
    name: LoadDelegate
    href: OpenTK.Audio.OpenAL.ALBase.html#OpenTK_Audio_OpenAL_ALBase_LoadDelegate__1_System_String_
  - name: (
  - name: Of
  - name: " "
  - name: TDelegate
  - name: )
  - name: (
  - uid: System.String
    name: String
    isExternal: true
    href: https://learn.microsoft.com/dotnet/api/system.string
  - name: )
- uid: System.Object.Equals(System.Object)
  commentId: M:System.Object.Equals(System.Object)
  parent: System.Object
  isExternal: true
  href: https://learn.microsoft.com/dotnet/api/system.object.equals#system-object-equals(system-object)
  name: Equals(object)
  nameWithType: object.Equals(object)
  fullName: object.Equals(object)
  nameWithType.vb: Object.Equals(Object)
  fullName.vb: Object.Equals(Object)
  name.vb: Equals(Object)
  spec.csharp:
  - uid: System.Object.Equals(System.Object)
    name: Equals
    isExternal: true
    href: https://learn.microsoft.com/dotnet/api/system.object.equals#system-object-equals(system-object)
  - name: (
  - uid: System.Object
    name: object
    isExternal: true
    href: https://learn.microsoft.com/dotnet/api/system.object
  - name: )
  spec.vb:
  - uid: System.Object.Equals(System.Object)
    name: Equals
    isExternal: true
    href: https://learn.microsoft.com/dotnet/api/system.object.equals#system-object-equals(system-object)
  - name: (
  - uid: System.Object
    name: Object
    isExternal: true
    href: https://learn.microsoft.com/dotnet/api/system.object
  - name: )
- uid: System.Object.Equals(System.Object,System.Object)
  commentId: M:System.Object.Equals(System.Object,System.Object)
  parent: System.Object
  isExternal: true
  href: https://learn.microsoft.com/dotnet/api/system.object.equals#system-object-equals(system-object-system-object)
  name: Equals(object, object)
  nameWithType: object.Equals(object, object)
  fullName: object.Equals(object, object)
  nameWithType.vb: Object.Equals(Object, Object)
  fullName.vb: Object.Equals(Object, Object)
  name.vb: Equals(Object, Object)
  spec.csharp:
  - uid: System.Object.Equals(System.Object,System.Object)
    name: Equals
    isExternal: true
    href: https://learn.microsoft.com/dotnet/api/system.object.equals#system-object-equals(system-object-system-object)
  - name: (
  - uid: System.Object
    name: object
    isExternal: true
    href: https://learn.microsoft.com/dotnet/api/system.object
  - name: ','
  - name: " "
  - uid: System.Object
    name: object
    isExternal: true
    href: https://learn.microsoft.com/dotnet/api/system.object
  - name: )
  spec.vb:
  - uid: System.Object.Equals(System.Object,System.Object)
    name: Equals
    isExternal: true
    href: https://learn.microsoft.com/dotnet/api/system.object.equals#system-object-equals(system-object-system-object)
  - name: (
  - uid: System.Object
    name: Object
    isExternal: true
    href: https://learn.microsoft.com/dotnet/api/system.object
  - name: ','
  - name: " "
  - uid: System.Object
    name: Object
    isExternal: true
    href: https://learn.microsoft.com/dotnet/api/system.object
  - name: )
- uid: System.Object.GetHashCode
  commentId: M:System.Object.GetHashCode
  parent: System.Object
  isExternal: true
  href: https://learn.microsoft.com/dotnet/api/system.object.gethashcode
  name: GetHashCode()
  nameWithType: object.GetHashCode()
  fullName: object.GetHashCode()
  nameWithType.vb: Object.GetHashCode()
  fullName.vb: Object.GetHashCode()
  spec.csharp:
  - uid: System.Object.GetHashCode
    name: GetHashCode
    isExternal: true
    href: https://learn.microsoft.com/dotnet/api/system.object.gethashcode
  - name: (
  - name: )
  spec.vb:
  - uid: System.Object.GetHashCode
    name: GetHashCode
    isExternal: true
    href: https://learn.microsoft.com/dotnet/api/system.object.gethashcode
  - name: (
  - name: )
- uid: System.Object.GetType
  commentId: M:System.Object.GetType
  parent: System.Object
  isExternal: true
  href: https://learn.microsoft.com/dotnet/api/system.object.gettype
  name: GetType()
  nameWithType: object.GetType()
  fullName: object.GetType()
  nameWithType.vb: Object.GetType()
  fullName.vb: Object.GetType()
  spec.csharp:
  - uid: System.Object.GetType
    name: GetType
    isExternal: true
    href: https://learn.microsoft.com/dotnet/api/system.object.gettype
  - name: (
  - name: )
  spec.vb:
  - uid: System.Object.GetType
    name: GetType
    isExternal: true
    href: https://learn.microsoft.com/dotnet/api/system.object.gettype
  - name: (
  - name: )
- uid: System.Object.MemberwiseClone
  commentId: M:System.Object.MemberwiseClone
  parent: System.Object
  isExternal: true
  href: https://learn.microsoft.com/dotnet/api/system.object.memberwiseclone
  name: MemberwiseClone()
  nameWithType: object.MemberwiseClone()
  fullName: object.MemberwiseClone()
  nameWithType.vb: Object.MemberwiseClone()
  fullName.vb: Object.MemberwiseClone()
  spec.csharp:
  - uid: System.Object.MemberwiseClone
    name: MemberwiseClone
    isExternal: true
    href: https://learn.microsoft.com/dotnet/api/system.object.memberwiseclone
  - name: (
  - name: )
  spec.vb:
  - uid: System.Object.MemberwiseClone
    name: MemberwiseClone
    isExternal: true
    href: https://learn.microsoft.com/dotnet/api/system.object.memberwiseclone
  - name: (
  - name: )
- uid: System.Object.ReferenceEquals(System.Object,System.Object)
  commentId: M:System.Object.ReferenceEquals(System.Object,System.Object)
  parent: System.Object
  isExternal: true
  href: https://learn.microsoft.com/dotnet/api/system.object.referenceequals
  name: ReferenceEquals(object, object)
  nameWithType: object.ReferenceEquals(object, object)
  fullName: object.ReferenceEquals(object, object)
  nameWithType.vb: Object.ReferenceEquals(Object, Object)
  fullName.vb: Object.ReferenceEquals(Object, Object)
  name.vb: ReferenceEquals(Object, Object)
  spec.csharp:
  - uid: System.Object.ReferenceEquals(System.Object,System.Object)
    name: ReferenceEquals
    isExternal: true
    href: https://learn.microsoft.com/dotnet/api/system.object.referenceequals
  - name: (
  - uid: System.Object
    name: object
    isExternal: true
    href: https://learn.microsoft.com/dotnet/api/system.object
  - name: ','
  - name: " "
  - uid: System.Object
    name: object
    isExternal: true
    href: https://learn.microsoft.com/dotnet/api/system.object
  - name: )
  spec.vb:
  - uid: System.Object.ReferenceEquals(System.Object,System.Object)
    name: ReferenceEquals
    isExternal: true
    href: https://learn.microsoft.com/dotnet/api/system.object.referenceequals
  - name: (
  - uid: System.Object
    name: Object
    isExternal: true
    href: https://learn.microsoft.com/dotnet/api/system.object
  - name: ','
  - name: " "
  - uid: System.Object
    name: Object
    isExternal: true
    href: https://learn.microsoft.com/dotnet/api/system.object
  - name: )
- uid: System.Object.ToString
  commentId: M:System.Object.ToString
  parent: System.Object
  isExternal: true
  href: https://learn.microsoft.com/dotnet/api/system.object.tostring
  name: ToString()
  nameWithType: object.ToString()
  fullName: object.ToString()
  nameWithType.vb: Object.ToString()
  fullName.vb: Object.ToString()
  spec.csharp:
  - uid: System.Object.ToString
    name: ToString
    isExternal: true
    href: https://learn.microsoft.com/dotnet/api/system.object.tostring
  - name: (
  - name: )
  spec.vb:
  - uid: System.Object.ToString
    name: ToString
    isExternal: true
    href: https://learn.microsoft.com/dotnet/api/system.object.tostring
  - name: (
  - name: )
- uid: System
  commentId: N:System
  isExternal: true
  href: https://learn.microsoft.com/dotnet/api/system
  name: System
  nameWithType: System
  fullName: System
- uid: System.String
  commentId: T:System.String
  parent: System
  isExternal: true
  href: https://learn.microsoft.com/dotnet/api/system.string
  name: string
  nameWithType: string
  fullName: string
  nameWithType.vb: String
  fullName.vb: String
  name.vb: String
- uid: OpenTK.Audio.OpenAL.ALC.DeviceClock.IsExtensionPresent*
  commentId: Overload:OpenTK.Audio.OpenAL.ALC.DeviceClock.IsExtensionPresent
  href: OpenTK.Audio.OpenAL.ALC.DeviceClock.html#OpenTK_Audio_OpenAL_ALC_DeviceClock_IsExtensionPresent_OpenTK_Audio_OpenAL_ALDevice_
  name: IsExtensionPresent
  nameWithType: ALC.DeviceClock.IsExtensionPresent
  fullName: OpenTK.Audio.OpenAL.ALC.DeviceClock.IsExtensionPresent
- uid: OpenTK.Audio.OpenAL.ALDevice
  commentId: T:OpenTK.Audio.OpenAL.ALDevice
  parent: OpenTK.Audio.OpenAL
  href: OpenTK.Audio.OpenAL.ALDevice.html
  name: ALDevice
  nameWithType: ALDevice
  fullName: OpenTK.Audio.OpenAL.ALDevice
- uid: System.Boolean
  commentId: T:System.Boolean
  parent: System
  isExternal: true
  href: https://learn.microsoft.com/dotnet/api/system.boolean
  name: bool
  nameWithType: bool
  fullName: bool
  nameWithType.vb: Boolean
  fullName.vb: Boolean
  name.vb: Boolean
- uid: OpenTK.Audio.OpenAL.ALC.DeviceClock.GetInteger*
  commentId: Overload:OpenTK.Audio.OpenAL.ALC.DeviceClock.GetInteger
  href: OpenTK.Audio.OpenAL.ALC.DeviceClock.html#OpenTK_Audio_OpenAL_ALC_DeviceClock_GetInteger_OpenTK_Audio_OpenAL_ALDevice_OpenTK_Audio_OpenAL_GetInteger64_System_Int32_System_Int64__
  name: GetInteger
  nameWithType: ALC.DeviceClock.GetInteger
  fullName: OpenTK.Audio.OpenAL.ALC.DeviceClock.GetInteger
- uid: OpenTK.Audio.OpenAL.GetInteger64
  commentId: T:OpenTK.Audio.OpenAL.GetInteger64
  parent: OpenTK.Audio.OpenAL
  href: OpenTK.Audio.OpenAL.GetInteger64.html
  name: GetInteger64
  nameWithType: GetInteger64
  fullName: OpenTK.Audio.OpenAL.GetInteger64
- uid: System.Int32
  commentId: T:System.Int32
  parent: System
  isExternal: true
  href: https://learn.microsoft.com/dotnet/api/system.int32
  name: int
  nameWithType: int
  fullName: int
  nameWithType.vb: Integer
  fullName.vb: Integer
  name.vb: Integer
- uid: System.Int64*
  isExternal: true
  href: https://learn.microsoft.com/dotnet/api/system.int64
  name: long*
  nameWithType: long*
  fullName: long*
  nameWithType.vb: Long*
  fullName.vb: Long*
  name.vb: Long*
  spec.csharp:
  - uid: System.Int64
    name: long
    isExternal: true
    href: https://learn.microsoft.com/dotnet/api/system.int64
  - name: '*'
  spec.vb:
  - uid: System.Int64
    name: Long
    isExternal: true
    href: https://learn.microsoft.com/dotnet/api/system.int64
  - name: '*'
- uid: System.Int64[]
  isExternal: true
  href: https://learn.microsoft.com/dotnet/api/system.int64
  name: long[]
  nameWithType: long[]
  fullName: long[]
  nameWithType.vb: Long()
  fullName.vb: Long()
  name.vb: Long()
  spec.csharp:
  - uid: System.Int64
    name: long
    isExternal: true
    href: https://learn.microsoft.com/dotnet/api/system.int64
  - name: '['
  - name: ']'
  spec.vb:
  - uid: System.Int64
    name: Long
    isExternal: true
    href: https://learn.microsoft.com/dotnet/api/system.int64
  - name: (
  - name: )
- uid: OpenTK.Audio.OpenAL.ALC.DeviceClock.GetSource*
  commentId: Overload:OpenTK.Audio.OpenAL.ALC.DeviceClock.GetSource
  href: OpenTK.Audio.OpenAL.ALC.DeviceClock.html#OpenTK_Audio_OpenAL_ALC_DeviceClock_GetSource_System_Int32_OpenTK_Audio_OpenAL_SourceInteger64_System_Int64__
  name: GetSource
  nameWithType: ALC.DeviceClock.GetSource
  fullName: OpenTK.Audio.OpenAL.ALC.DeviceClock.GetSource
- uid: OpenTK.Audio.OpenAL.SourceInteger64
  commentId: T:OpenTK.Audio.OpenAL.SourceInteger64
  parent: OpenTK.Audio.OpenAL
  href: OpenTK.Audio.OpenAL.SourceInteger64.html
  name: SourceInteger64
  nameWithType: SourceInteger64
  fullName: OpenTK.Audio.OpenAL.SourceInteger64
- uid: OpenTK.Audio.OpenAL.SourceDouble
  commentId: T:OpenTK.Audio.OpenAL.SourceDouble
  parent: OpenTK.Audio.OpenAL
  href: OpenTK.Audio.OpenAL.SourceDouble.html
  name: SourceDouble
  nameWithType: SourceDouble
  fullName: OpenTK.Audio.OpenAL.SourceDouble
- uid: System.Double*
  isExternal: true
  href: https://learn.microsoft.com/dotnet/api/system.double
  name: double*
  nameWithType: double*
  fullName: double*
  nameWithType.vb: Double*
  fullName.vb: Double*
  name.vb: Double*
  spec.csharp:
  - uid: System.Double
    name: double
    isExternal: true
    href: https://learn.microsoft.com/dotnet/api/system.double
  - name: '*'
  spec.vb:
  - uid: System.Double
    name: Double
    isExternal: true
    href: https://learn.microsoft.com/dotnet/api/system.double
  - name: '*'
- uid: System.Double[]
  isExternal: true
  href: https://learn.microsoft.com/dotnet/api/system.double
  name: double[]
  nameWithType: double[]
  fullName: double[]
  nameWithType.vb: Double()
  fullName.vb: Double()
  name.vb: Double()
  spec.csharp:
  - uid: System.Double
    name: double
    isExternal: true
    href: https://learn.microsoft.com/dotnet/api/system.double
  - name: '['
  - name: ']'
  spec.vb:
  - uid: System.Double
    name: Double
    isExternal: true
    href: https://learn.microsoft.com/dotnet/api/system.double
  - name: (
  - name: )
- uid: System.Span{System.Int64}
  commentId: T:System.Span{System.Int64}
  parent: System
  definition: System.Span`1
  href: https://learn.microsoft.com/dotnet/api/system.span-1
  name: Span<long>
  nameWithType: Span<long>
  fullName: System.Span<long>
  nameWithType.vb: Span(Of Long)
  fullName.vb: System.Span(Of Long)
  name.vb: Span(Of Long)
  spec.csharp:
  - uid: System.Span`1
    name: Span
    isExternal: true
    href: https://learn.microsoft.com/dotnet/api/system.span-1
  - name: <
  - uid: System.Int64
    name: long
    isExternal: true
    href: https://learn.microsoft.com/dotnet/api/system.int64
  - name: '>'
  spec.vb:
  - uid: System.Span`1
    name: Span
    isExternal: true
    href: https://learn.microsoft.com/dotnet/api/system.span-1
  - name: (
  - name: Of
  - name: " "
  - uid: System.Int64
    name: Long
    isExternal: true
    href: https://learn.microsoft.com/dotnet/api/system.int64
  - name: )
- uid: System.Span`1
  commentId: T:System.Span`1
  isExternal: true
  href: https://learn.microsoft.com/dotnet/api/system.span-1
  name: Span<T>
  nameWithType: Span<T>
  fullName: System.Span<T>
  nameWithType.vb: Span(Of T)
  fullName.vb: System.Span(Of T)
  name.vb: Span(Of T)
  spec.csharp:
  - uid: System.Span`1
    name: Span
    isExternal: true
    href: https://learn.microsoft.com/dotnet/api/system.span-1
  - name: <
  - name: T
  - name: '>'
  spec.vb:
  - uid: System.Span`1
    name: Span
    isExternal: true
    href: https://learn.microsoft.com/dotnet/api/system.span-1
  - name: (
  - name: Of
  - name: " "
  - name: T
  - name: )
- uid: System.Int64
  commentId: T:System.Int64
  parent: System
  isExternal: true
  href: https://learn.microsoft.com/dotnet/api/system.int64
  name: long
  nameWithType: long
  fullName: long
  nameWithType.vb: Long
  fullName.vb: Long
  name.vb: Long
- uid: System.Span{System.Double}
  commentId: T:System.Span{System.Double}
  parent: System
  definition: System.Span`1
  href: https://learn.microsoft.com/dotnet/api/system.span-1
  name: Span<double>
  nameWithType: Span<double>
  fullName: System.Span<double>
  nameWithType.vb: Span(Of Double)
  fullName.vb: System.Span(Of Double)
  name.vb: Span(Of Double)
  spec.csharp:
  - uid: System.Span`1
    name: Span
    isExternal: true
    href: https://learn.microsoft.com/dotnet/api/system.span-1
  - name: <
  - uid: System.Double
    name: double
    isExternal: true
    href: https://learn.microsoft.com/dotnet/api/system.double
  - name: '>'
  spec.vb:
  - uid: System.Span`1
    name: Span
    isExternal: true
    href: https://learn.microsoft.com/dotnet/api/system.span-1
  - name: (
  - name: Of
  - name: " "
  - uid: System.Double
    name: Double
    isExternal: true
    href: https://learn.microsoft.com/dotnet/api/system.double
  - name: )
- uid: System.Double
  commentId: T:System.Double
  parent: System
  isExternal: true
  href: https://learn.microsoft.com/dotnet/api/system.double
  name: double
  nameWithType: double
  fullName: double
  nameWithType.vb: Double
  fullName.vb: Double
  name.vb: Double
