### YamlMime:ManagedReference
items:
- uid: OpenTK.Platform.Windows.WGL_I3D_swap_frame_lock
  commentId: T:OpenTK.Platform.Windows.WGL_I3D_swap_frame_lock
  id: WGL_I3D_swap_frame_lock
  parent: OpenTK.Platform.Windows
  children: []
  langs:
  - csharp
  - vb
  name: WGL_I3D_swap_frame_lock
  nameWithType: WGL_I3D_swap_frame_lock
  fullName: OpenTK.Platform.Windows.WGL_I3D_swap_frame_lock
  type: Enum
  source:
    remote:
      path: src/OpenTK.Graphics/Wgl/WglEnums.cs
      branch: f3539ad1fda98af9b265e941e0aecfb4662a9bbe
      repo: https://github.com/opentk/opentk.git
    id: WGL_I3D_swap_frame_lock
    path: opentk/src/OpenTK.Graphics/Wgl/WglEnums.cs
    startLine: 537
  assemblies:
  - OpenTK.Graphics
  namespace: OpenTK.Platform.Windows
  syntax:
    content: public enum WGL_I3D_swap_frame_lock
    content.vb: Public Enum WGL_I3D_swap_frame_lock
references:
- uid: OpenTK.Platform.Windows
  commentId: N:OpenTK.Platform.Windows
  href: OpenTK.html
  name: OpenTK.Platform.Windows
  nameWithType: OpenTK.Platform.Windows
  fullName: OpenTK.Platform.Windows
  spec.csharp:
  - uid: OpenTK
    name: OpenTK
    href: OpenTK.html
  - name: .
  - uid: OpenTK.Platform
    name: Platform
    href: OpenTK.Platform.html
  - name: .
  - uid: OpenTK.Platform.Windows
    name: Windows
    href: OpenTK.Platform.Windows.html
  spec.vb:
  - uid: OpenTK
    name: OpenTK
    href: OpenTK.html
  - name: .
  - uid: OpenTK.Platform
    name: Platform
    href: OpenTK.Platform.html
  - name: .
  - uid: OpenTK.Platform.Windows
    name: Windows
    href: OpenTK.Platform.Windows.html
